
Microsoft Visual Studio Solution File, Format Version 12.00
# Visual Studio Version 16
VisualStudioVersion = 16.0.37301.9
MinimumVisualStudioVersion = 10.0.40219.1
Project("{E24C65DC-7377-472B-9ABA-BC803B73C61A}") = "InsightLearn(2)", ".", "{7263F04F-8838-4788-B016-DB4EE6DF6BDD}"
	ProjectSection(WebsiteProperties) = preProject
		TargetFrameworkMoniker = ".NETFramework,Version%3Dv4.7.2"
		Debug.AspNetCompiler.VirtualPath = "/localhost_50571"
		Debug.AspNetCompiler.PhysicalPath = "..\..\..\Documents\GitHub\InsightLearn\"
		Debug.AspNetCompiler.TargetPath = "PrecompiledWeb\localhost_50571\"
		Debug.AspNetCompiler.Updateable = "true"
		Debug.AspNetCompiler.ForceOverwrite = "true"
		Debug.AspNetCompiler.FixedNames = "false"
		Debug.AspNetCompiler.Debug = "True"
		Release.AspNetCompiler.VirtualPath = "/localhost_50571"
		Release.AspNetCompiler.PhysicalPath = "..\..\..\Documents\GitHub\InsightLearn\"
		Release.AspNetCompiler.TargetPath = "PrecompiledWeb\localhost_50571\"
		Release.AspNetCompiler.Updateable = "true"
		Release.AspNetCompiler.ForceOverwrite = "true"
		Release.AspNetCompiler.FixedNames = "false"
		Release.AspNetCompiler.Debug = "False"
		VWDPort = "50571"
	EndProjectSection
EndProject
Global
	GlobalSection(SolutionConfigurationPlatforms) = preSolution
		Debug|Any CPU = Debug|Any CPU
	EndGlobalSection
	GlobalSection(ProjectConfigurationPlatforms) = postSolution
		{7263F04F-8838-4788-B016-DB4EE6DF6BDD}.Debug|Any CPU.ActiveCfg = Debug|Any CPU
		{7263F04F-8838-4788-B016-DB4EE6DF6BDD}.Debug|Any CPU.Build.0 = Debug|Any CPU
	EndGlobalSection
	GlobalSection(SolutionProperties) = preSolution
		HideSolutionNode = FALSE
	EndGlobalSection
	GlobalSection(ExtensibilityGlobals) = postSolution
		SolutionGuid = {BD92065E-64EF-4DB8-BDC7-ACA632B20BF7}
	EndGlobalSection
EndGlobal
